
Microsoft Visual Studio Solution File, Format Version 12.00
# Visual Studio Version 17
VisualStudioVersion = 17.5.002.0
MinimumVisualStudioVersion = 10.0.40219.1
Project("{9A19103F-16F7-4668-BE54-9A1E7A4F7556}") = "DesafioFundamentos", "DesafioFundamentos\DesafioFundamentos.csproj", "{83BAD32C-5DD2-470F-9331-3467E089CEB4}"
EndProject
Global
	GlobalSection(SolutionConfigurationPlatforms) = preSolution
		Debug|Any CPU = Debug|Any CPU
		Release|Any CPU = Release|Any CPU
	EndGlobalSection
	GlobalSection(ProjectConfigurationPlatforms) = postSolution
		{83BAD32C-5DD2-470F-9331-3467E089CEB4}.Debug|Any CPU.ActiveCfg = Debug|Any CPU
		{83BAD32C-5DD2-470F-9331-3467E089CEB4}.Debug|Any CPU.Build.0 = Debug|Any CPU
		{83BAD32C-5DD2-470F-9331-3467E089CEB4}.Release|Any CPU.ActiveCfg = Release|Any CPU
		{83BAD32C-5DD2-470F-9331-3467E089CEB4}.Release|Any CPU.Build.0 = Release|Any CPU
	EndGlobalSection
	GlobalSection(SolutionProperties) = preSolution
		HideSolutionNode = FALSE
	EndGlobalSection
	GlobalSection(ExtensibilityGlobals) = postSolution
		SolutionGuid = {6716DF43-5ABA-4CFD-A0B1-10EACF10C3EF}
	EndGlobalSection
EndGlobal
